# This file was autogenerated by uv via the following command:
#    uv pip compile requirements.txt -o requirements.lock
bleak==3.0.2
    # via -r requirements.txt
hmmlearn==0.3.3
    # via -r requirements.txt
joblib==1.5.3
    # via scikit-learn
narwhals==2.24.0
    # via scikit-learn
numpy==2.5.1
    # via
    #   -r requirements.txt
    #   hmmlearn
    #   scikit-learn
    #   scipy
pyobjc-core==12.2.1
    # via
    #   bleak
    #   pyobjc-framework-cocoa
    #   pyobjc-framework-corebluetooth
    #   pyobjc-framework-libdispatch
pyobjc-framework-cocoa==12.2.1
    # via
    #   pyobjc-framework-corebluetooth
    #   pyobjc-framework-libdispatch
pyobjc-framework-corebluetooth==12.2.1
    # via bleak
pyobjc-framework-libdispatch==12.2.1
    # via bleak
scikit-learn==1.9.0
    # via hmmlearn
scipy==1.18.0
    # via
    #   -r requirements.txt
    #   hmmlearn
    #   scikit-learn
threadpoolctl==3.6.0
    # via scikit-learn
